Microsoft Visual Studio Solution File, Format Version 12.00
# Visual Studio Version 17
VisualStudioVersion = 17.5.2.0
MinimumVisualStudioVersion = 10.0.40219.1
Project("{FAE04EC0-301F-11D3-BF4B-00C04F79EFBC}") = "RegioesApi", "RegioesApi.csproj", "{B6F24D6B-D61D-D794-A750-324F3FE1E3CC}"
EndProject
Global
	GlobalSection(SolutionConfigurationPlatforms) = preSolution
		Debug|Any CPU = Debug|Any CPU
		Release|Any CPU = Release|Any CPU
	EndGlobalSection
	GlobalSection(ProjectConfigurationPlatforms) = postSolution
		{B6F24D6B-D61D-D794-A750-324F3FE1E3CC}.Debug|Any CPU.ActiveCfg = Debug|Any CPU
		{B6F24D6B-D61D-D794-A750-324F3FE1E3CC}.Debug|Any CPU.Build.0 = Debug|Any CPU
		{B6F24D6B-D61D-D794-A750-324F3FE1E3CC}.Release|Any CPU.ActiveCfg = Release|Any CPU
		{B6F24D6B-D61D-D794-A750-324F3FE1E3CC}.Release|Any CPU.Build.0 = Release|Any CPU
	EndGlobalSection
	GlobalSection(SolutionProperties) = preSolution
		HideSolutionNode = FALSE
	EndGlobalSection
	GlobalSection(ExtensibilityGlobals) = postSolution
		SolutionGuid = {800D006E-63DF-4FA7-A5F8-A23FD57114AF}
	EndGlobalSection
EndGlobal
